<?xml version="1.0" encoding="utf-8"?>
<Project ToolsVersion="4.0" xmlns="http://schemas.microsoft.com/developer/msbuild/2003">
  <ItemGroup>
    <Filter Include="Source Files">
      <UniqueIdentifier>{4FC737F1-C7A5-4376-A066-2A32D752A2FF}</UniqueIdentifier>
      <Extensions>cpp;c;cc;cxx;def;odl;idl;hpj;bat;asm;asmx</Extensions>
    </Filter>
    <Filter Include="Header Files">
      <UniqueIdentifier>{93995380-89BD-4b04-88EB-625FBE52EBFB}</UniqueIdentifier>
      <Extensions>h;hh;hpp;hxx;hm;inl;inc;xsd</Extensions>
    </Filter>
    <Filter Include="Resource Files">
      <UniqueIdentifier>{67DA6AB6-F800-4c08-8B7A-83BB121AAD01}</UniqueIdentifier>
      <Extensions>rc;ico;cur;bmp;dlg;rc2;rct;bin;rgs;gif;jpg;jpeg;jpe;resx;tiff;tif;png;wav;mfcribbon-ms</Extensions>
    </Filter>
  </ItemGroup>
  <ItemGroup>
    <ClCompile Include="src\anotherrpg.cc">
      <Filter>Source Files</Filter>
    </ClCompile>
    <ClCompile Include="src\character.cc">
      <Filter>Source Files</Filter>
    </ClCompile>
    <ClCompile Include="src\main.cc">
      <Filter>Source Files</Filter>
    </ClCompile>
    <ClCompile Include="src\mainwindow.cc">
      <Filter>Source Files</Filter>
    </ClCompile>
    <ClCompile Include="src\map.cc">
      <Filter>Source Files</Filter>
    </ClCompile>
    <ClCompile Include="src\player.cc">
      <Filter>Source Files</Filter>
    </ClCompile>
    <ClCompile Include="src\renderable.cc">
      <Filter>Source Files</Filter>
    </ClCompile>
    <ClCompile Include="src\texturemanager.cc">
      <Filter>Source Files</Filter>
    </ClCompile>
    <ClCompile Include="src\tile.cc">
      <Filter>Source Files</Filter>
    </ClCompile>
    <ClCompile Include="src\levelmanager.cc">
      <Filter>Source Files</Filter>
    </ClCompile>
    <ClCompile Include="src\tilemanager.cc">
      <Filter>Source Files</Filter>
    </ClCompile>
    <ClCompile Include="src\npc.cc">
      <Filter>Source Files</Filter>
    </ClCompile>
    <ClCompile Include="src\input.cc">
      <Filter>Source Files</Filter>
    </ClCompile>
    <ClCompile Include="src\texture.cc">
      <Filter>Source Files</Filter>
    </ClCompile>
    <ClCompile Include="src\state.cc">
      <Filter>Source Files</Filter>
    </ClCompile>
    <ClCompile Include="src\statemanager.cc">
      <Filter>Source Files</Filter>
    </ClCompile>
    <ClCompile Include="src\worldstate.cc">
      <Filter>Source Files</Filter>
    </ClCompile>
  </ItemGroup>
  <ItemGroup>
    <ClInclude Include="src\anotherrpg.hh">
      <Filter>Header Files</Filter>
    </ClInclude>
    <ClInclude Include="src\character.hh">
      <Filter>Header Files</Filter>
    </ClInclude>
    <ClInclude Include="src\mainwindow.hh">
      <Filter>Header Files</Filter>
    </ClInclude>
    <ClInclude Include="src\map.hh">
      <Filter>Header Files</Filter>
    </ClInclude>
    <ClInclude Include="src\player.hh">
      <Filter>Header Files</Filter>
    </ClInclude>
    <ClInclude Include="src\renderable.hh">
      <Filter>Header Files</Filter>
    </ClInclude>
    <ClInclude Include="src\texturemanager.hh">
      <Filter>Header Files</Filter>
    </ClInclude>
    <ClInclude Include="src\tile.hh">
      <Filter>Header Files</Filter>
    </ClInclude>
    <ClInclude Include="src\levelmanager.hh">
      <Filter>Header Files</Filter>
    </ClInclude>
    <ClInclude Include="src\tilemanager.hh">
      <Filter>Header Files</Filter>
    </ClInclude>
    <ClInclude Include="src\npc.hh">
      <Filter>Header Files</Filter>
    </ClInclude>
    <ClInclude Include="src\yamlparser.hh">
      <Filter>Header Files</Filter>
    </ClInclude>
    <ClInclude Include="src\input.hh">
      <Filter>Header Files</Filter>
    </ClInclude>
    <ClInclude Include="src\texture.hh">
      <Filter>Header Files</Filter>
    </ClInclude>
    <ClInclude Include="src\state.hh">
      <Filter>Header Files</Filter>
    </ClInclude>
    <ClInclude Include="src\statemanager.hh">
      <Filter>Header Files</Filter>
    </ClInclude>
    <ClInclude Include="src\worldstate.hh">
      <Filter>Header Files</Filter>
    </ClInclude>
  </ItemGroup>
</Project>